// !$*UTF8*$!
{
	archiveVersion = 1;
	classes = {
	};
	objectVersion = 50;
	objects = {

/* Begin PBXBuildFile section */
		FEECF4D82106F5B90045B331 /* AppDelegate.m in Sources */ = {isa = PBXBuildFile; fileRef = FEECF4D72106F5B90045B331 /* AppDelegate.m */; };
		FEECF4DE2106F5B90045B331 /* Main.storyboard in Resources */ = {isa = PBXBuildFile; fileRef = FEECF4DC2106F5B90045B331 /* Main.storyboard */; };
		FEECF4E02106F5BB0045B331 /* Assets.xcassets in Resources */ = {isa = PBXBuildFile; fileRef = FEECF4DF2106F5BB0045B331 /* Assets.xcassets */; };
		FEECF4E32106F5BB0045B331 /* LaunchScreen.storyboard in Resources */ = {isa = PBXBuildFile; fileRef = FEECF4E12106F5BB0045B331 /* LaunchScreen.storyboard */; };
		FEECF4E62106F5BB0045B331 /* main.m in Sources */ = {isa = PBXBuildFile; fileRef = FEECF4E52106F5BB0045B331 /* main.m */; };
/* End PBXBuildFile section */

/* Begin PBXFileReference section */
		FEECF4D32106F5B90045B331 /* BAPS Live.app */ = {isa = PBXFileReference; explicitFileType = wrapper.application; includeInIndex = 0; path = "BAPS Live.app"; sourceTree = BUILT_PRODUCTS_DIR; };
		FEECF4D62106F5B90045B331 /* AppDelegate.h */ = {isa = PBXFileReference; lastKnownFileType = sourcecode.c.h; path = AppDelegate.h; sourceTree = "<group>"; };
		FEECF4D72106F5B90045B331 /* AppDelegate.m */ = {isa = PBXFileReference; lastKnownFileType = sourcecode.c.objc; path = AppDelegate.m; sourceTree = "<group>"; };
		FEECF4DD2106F5B90045B331 /* Base */ = {isa = PBXFileReference; lastKnownFileType = file.storyboard; name = Base; path = Base.lproj/Main.storyboard; sourceTree = "<group>"; };
		FEECF4DF2106F5BB0045B331 /* Assets.xcassets */ = {isa = PBXFileReference; lastKnownFileType = folder.assetcatalog; path = Assets.xcassets; sourceTree = "<group>"; };
		FEECF4E22106F5BB0045B331 /* Base */ = {isa = PBXFileReference; lastKnownFileType = file.storyboard; name = Base; path = Base.lproj/LaunchScreen.storyboard; sourceTree = "<group>"; };
		FEECF4E42106F5BB0045B331 /* Info.plist */ = {isa = PBXFileReference; lastKnownFileType = text.plist.xml; path = Info.plist; sourceTree = "<group>"; };
		FEECF4E52106F5BB0045B331 /* main.m */ = {isa = PBXFileReference; lastKnownFileType = sourcecode.c.objc; path = main.m; sourceTree = "<group>"; };
/* End PBXFileReference section */

/* Begin PBXFrameworksBuildPhase section */
		FEECF4D02106F5B90045B331 /* Frameworks */ = {
			isa = PBXFrameworksBuildPhase;
			buildActionMask = 2147483647;
			files = (
			);
			runOnlyForDeploymentPostprocessing = 0;
		};
/* End PBXFrameworksBuildPhase section */

/* Begin PBXGroup section */
		FEECF4CA2106F5B90045B331 = {
			isa = PBXGroup;
			children = (
				FEECF4D52106F5B90045B331 /* BAPS Live */,
				FEECF4D42106F5B90045B331 /* Products */,
			);
			sourceTree = "<group>";
		};
		FEECF4D42106F5B90045B331 /* Products */ = {
			isa = PBXGroup;
			children = (
				FEECF4D32106F5B90045B331 /* BAPS Live.app */,
			);
			name = Products;
			sourceTree = "<group>";
		};
		FEECF4D52106F5B90045B331 /* BAPS Live */ = {
			isa = PBXGroup;
			children = (
				FEECF4D62106F5B90045B331 /* AppDelegate.h */,
				FEECF4D72106F5B90045B331 /* AppDelegate.m */,
				FEECF4DC2106F5B90045B331 /* Main.storyboard */,
				FEECF4DF2106F5BB0045B331 /* Assets.xcassets */,
				FEECF4E12106F5BB0045B331 /* LaunchScreen.storyboard */,
				FEECF4E42106F5BB0045B331 /* Info.plist */,
				FEECF4E52106F5BB0045B331 /* main.m */,
			);
			path = "BAPS Live";
			sourceTree = "<group>";
		};
/* End PBXGroup section */

/* Begin PBXNativeTarget section */
		FEECF4D22106F5B90045B331 /* BAPS Live */ = {
			isa = PBXNativeTarget;
			buildConfigurationList = FEECF4E92106F5BB0045B331 /* Build configuration list for PBXNativeTarget "BAPS Live" */;
			buildPhases = (
				FEECF4CF2106F5B90045B331 /* Sources */,
				FEECF4D02106F5B90045B331 /* Frameworks */,
				FEECF4D12106F5B90045B331 /* Resources */,
			);
			buildRules = (
			);
			dependencies = (
			);
			name = "BAPS Live";
			productName = "BAPS Live";
			productReference = FEECF4D32106F5B90045B331 /* BAPS Live.app */;
			productType = "com.apple.product-type.application";
		};
/* End PBXNativeTarget section */

/* Begin PBXProject section */
		FEECF4CB2106F5B90045B331 /* Project object */ = {
			isa = PBXProject;
			attributes = {
				LastUpgradeCheck = 0940;
				ORGANIZATIONNAME = "Maulik Vora";
				TargetAttributes = {
					FEECF4D22106F5B90045B331 = {
						CreatedOnToolsVersion = 9.4.1;
					};
				};
			};
			buildConfigurationList = FEECF4CE2106F5B90045B331 /* Build configuration list for PBXProject "BAPS Live" */;
			compatibilityVersion = "Xcode 9.3";
			developmentRegion = en;
			hasScannedForEncodings = 0;
			knownRegions = (
				en,
				Base,
			);
			mainGroup = FEECF4CA2106F5B90045B331;
			productRefGroup = FEECF4D42106F5B90045B331 /* Products */;
			projectDirPath = "";
			projectRoot = "";
			targets = (
				FEECF4D22106F5B90045B331 /* BAPS Live */,
			);
		};
/* End PBXProject section */

/* Begin PBXResourcesBuildPhase section */
		FEECF4D12106F5B90045B331 /* Resources */ = {
			isa = PBXResourcesBuildPhase;
			buildActionMask = 2147483647;
			files = (
				FEECF4E32106F5BB0045B331 /* LaunchScreen.storyboard in Resources */,
				FEECF4E02106F5BB0045B331 /* Assets.xcassets in Resources */,
				FEECF4DE2106F5B90045B331 /* Main.storyboard in Resources */,
			);
			runOnlyForDeploymentPostprocessing = 0;
		};
/* End PBXResourcesBuildPhase section */

/* Begin PBXSourcesBuildPhase section */
		FEECF4CF2106F5B90045B331 /* Sources */ = {
			isa = PBXSourcesBuildPhase;
			buildActionMask = 2147483647;
			files = (
				FEECF4E62106F5BB0045B331 /* main.m in Sources */,
				FEECF4D82106F5B90045B331 /* AppDelegate.m in Sources */,
			);
			runOnlyForDeploymentPostprocessing = 0;
		};
/* End PBXSourcesBuildPhase section */

/* Begin PBXVariantGroup section */
		FEECF4DC2106F5B90045B331 /* Main.storyboard */ = {
			isa = PBXVariantGroup;
			children = (
				FEECF4DD2106F5B90045B331 /* Base */,
			);
			name = Main.storyboard;
			sourceTree = "<group>";
		};
		FEECF4E12106F5BB0045B331 /* LaunchScreen.storyboard */ = {
			isa = PBXVariantGroup;
			children = (
				FEECF4E22106F5BB0045B331 /* Base */,
			);
			name = LaunchScreen.storyboard;
			sourceTree = "<group>";
		};
/* End PBXVariantGroup section */

/* Begin XCBuildConfiguration section */
		FEECF4E72106F5BB0045B331 /* Debug */ = {
			isa = XCBuildConfiguration;
			buildSettings = {
				ALWAYS_SEARCH_USER_PATHS = NO;
				CLANG_ANALYZER_NONNULL = YES;
				CLANG_ANALYZER_NUMBER_OBJECT_CONVERSION = YES_AGGRESSIVE;
				CLANG_CXX_LANGUAGE_STANDARD = "gnu++14";
				CLANG_CXX_LIBRARY = "libc++";
				CLANG_ENABLE_MODULES = YES;
				CLANG_ENABLE_OBJC_ARC = YES;
				CLANG_ENABLE_OBJC_WEAK = YES;
				CLANG_WARN_BLOCK_CAPTURE_AUTORELEASING = YES;
				CLANG_WARN_BOOL_CONVERSION = YES;
				CLANG_WARN_COMMA = YES;
				CLANG_WARN_CONSTANT_CONVERSION = YES;
				CLANG_WARN_DEPRECATED_OBJC_IMPLEMENTATIONS = YES;
				CLANG_WARN_DIRECT_OBJC_ISA_USAGE = YES_ERROR;
				CLANG_WARN_DOCUMENTATION_COMMENTS = YES;
				CLANG_WARN_EMPTY_BODY = YES;
				CLANG_WARN_ENUM_CONVERSION = YES;
				CLANG_WARN_INFINITE_RECURSION = YES;
				CLANG_WARN_INT_CONVERSION = YES;
				CLANG_WARN_NON_LITERAL_NULL_CONVERSION = YES;
				CLANG_WARN_OBJC_IMPLICIT_RETAIN_SELF = YES;
				CLANG_WARN_OBJC_LITERAL_CONVERSION = YES;
				CLANG_WARN_OBJC_ROOT_CLASS = YES_ERROR;
				CLANG_WARN_RANGE_LOOP_ANALYSIS = YES;
				CLANG_WARN_STRICT_PROTOTYPES = YES;
				CLANG_WARN_SUSPICIOUS_MOVE = YES;
				CLANG_WARN_UNGUARDED_AVAILABILITY = YES_AGGRESSIVE;
				CLANG_WARN_UNREACHABLE_CODE = YES;
				CLANG_WARN__DUPLICATE_METHOD_MATCH = YES;
				CODE_SIGN_IDENTITY = "iPhone Developer";
				COPY_PHASE_STRIP = NO;
				DEBUG_INFORMATION_FORMAT = dwarf;
				ENABLE_STRICT_OBJC_MSGSEND = YES;
				ENABLE_TESTABILITY = YES;
				GCC_C_LANGUAGE_STANDARD = gnu11;
				GCC_DYNAMIC_NO_PIC = NO;
				GCC_NO_COMMON_BLOCKS = YES;
				GCC_OPTIMIZATION_LEVEL = 0;
				GCC_PREPROCESSOR_DEFINITIONS = (
					"DEBUG=1",
					"$(inherited)",
				);
				GCC_WARN_64_TO_32_BIT_CONVERSION = YES;
				GCC_WARN_ABOUT_RETURN_TYPE = YES_ERROR;
				GCC_WARN_UNDECLARED_SELECTOR = YES;
				GCC_WARN_UNINITIALIZED_AUTOS = YES_AGGRESSIVE;
				GCC_WARN_UNUSED_FUNCTION = YES;
				GCC_WARN_UNUSED_VARIABLE = YES;
				IPHONEOS_DEPLOYMENT_TARGET = 11.4;
				MTL_ENABLE_DEBUG_INFO = YES;
				ONLY_ACTIVE_ARCH = YES;
				SDKROOT = iphoneos;
			};
			name = Debug;
		};
		FEECF4E82106F5BB0045B331 /* Release */ = {
			isa = XCBuildConfiguration;
			buildSettings = {
				ALWAYS_SEARCH_USER_PATHS = NO;
				CLANG_ANALYZER_NONNULL = YES;
				CLANG_ANALYZER_NUMBER_OBJECT_CONVERSION = YES_AGGRESSIVE;
				CLANG_CXX_LANGUAGE_STANDARD = "gnu++14";
				CLANG_CXX_LIBRARY = "libc++";
				CLANG_ENABLE_MODULES = YES;
				CLANG_ENABLE_OBJC_ARC = YES;
				CLANG_ENABLE_OBJC_WEAK = YES;
				CLANG_WARN_BLOCK_CAPTURE_AUTORELEASING = YES;
				CLANG_WARN_BOOL_CONVERSION = YES;
				CLANG_WARN_COMMA = YES;
				CLANG_WARN_CONSTANT_CONVERSION = YES;
				CLANG_WARN_DEPRECATED_OBJC_IMPLEMENTATIONS = YES;
				CLANG_WARN_DIRECT_OBJC_ISA_USAGE = YES_ERROR;
				CLANG_WARN_DOCUMENTATION_COMMENTS = YES;
				CLANG_WARN_EMPTY_BODY = YES;
				CLANG_WARN_ENUM_CONVERSION = YES;
				CLANG_WARN_INFINITE_RECURSION = YES;
				CLANG_WARN_INT_CONVERSION = YES;
				CLANG_WARN_NON_LITERAL_NULL_CONVERSION = YES;
				CLANG_WARN_OBJC_IMPLICIT_RETAIN_SELF = YES;
				CLANG_WARN_OBJC_LITERAL_CONVERSION = YES;
				CLANG_WARN_OBJC_ROOT_CLASS = YES_ERROR;
				CLANG_WARN_RANGE_LOOP_ANALYSIS = YES;
				CLANG_WARN_STRICT_PROTOTYPES = YES;
				CLANG_WARN_SUSPICIOUS_MOVE = YES;
				CLANG_WARN_UNGUARDED_AVAILABILITY = YES_AGGRESSIVE;
				CLANG_WARN_UNREACHABLE_CODE = YES;
				CLANG_WARN__DUPLICATE_METHOD_MATCH = YES;
				CODE_SIGN_IDENTITY = "iPhone Developer";
				COPY_PHASE_STRIP = NO;
				DEBUG_INFORMATION_FORMAT = "dwarf-with-dsym";
				ENABLE_NS_ASSERTIONS = NO;
				ENABLE_STRICT_OBJC_MSGSEND = YES;
				GCC_C_LANGUAGE_STANDARD = gnu11;
				GCC_NO_COMMON_BLOCKS = YES;
				GCC_WARN_64_TO_32_BIT_CONVERSION = YES;
				GCC_WARN_ABOUT_RETURN_TYPE = YES_ERROR;
				GCC_WARN_UNDECLARED_SELECTOR = YES;
				GCC_WARN_UNINITIALIZED_AUTOS = YES_AGGRESSIVE;
				GCC_WARN_UNUSED_FUNCTION = YES;
				GCC_WARN_UNUSED_VARIABLE = YES;
				IPHONEOS_DEPLOYMENT_TARGET = 11.4;
				MTL_ENABLE_DEBUG_INFO = NO;
				SDKROOT = iphoneos;
				VALIDATE_PRODUCT = YES;
			};
			name = Release;
		};
		FEECF4EA2106F5BB0045B331 /* Debug */ = {
			isa = XCBuildConfiguration;
			buildSettings = {
				ASSETCATALOG_COMPILER_APPICON_NAME = AppIcon;
				CODE_SIGN_STYLE = Automatic;
				INFOPLIST_FILE = "BAPS Live/Info.plist";
				LD_RUNPATH_SEARCH_PATHS = (
					"$(inherited)",
					"@executable_path/Frameworks",
				);
				PRODUCT_BUNDLE_IDENTIFIER = "com.BAPSLive.co.in.BAPS-Live";
				PRODUCT_NAME = "$(TARGET_NAME)";
				TARGETED_DEVICE_FAMILY = "1,2";
			};
			name = Debug;
		};
		FEECF4EB2106F5BB0045B331 /* Release */ = {
			isa = XCBuildConfiguration;
			buildSettings = {
				ASSETCATALOG_COMPILER_APPICON_NAME = AppIcon;
				CODE_SIGN_STYLE = Automatic;
				INFOPLIST_FILE = "BAPS Live/Info.plist";
				LD_RUNPATH_SEARCH_PATHS = (
					"$(inherited)",
					"@executable_path/Frameworks",
				);
				PRODUCT_BUNDLE_IDENTIFIER = "com.BAPSLive.co.in.BAPS-Live";
				PRODUCT_NAME = "$(TARGET_NAME)";
				TARGETED_DEVICE_FAMILY = "1,2";
			};
			name = Release;
		};
/* End XCBuildConfiguration section */

/* Begin XCConfigurationList section */
		FEECF4CE2106F5B90045B331 /* Build configuration list for PBXProject "BAPS Live" */ = {
			isa = XCConfigurationList;
			buildConfigurations = (
				FEECF4E72106F5BB0045B331 /* Debug */,
				FEECF4E82106F5BB0045B331 /* Release */,
			);
			defaultConfigurationIsVisible = 0;
			defaultConfigurationName = Release;
		};
		FEECF4E92106F5BB0045B331 /* Build configuration list for PBXNativeTarget "BAPS Live" */ = {
			isa = XCConfigurationList;
			buildConfigurations = (
				FEECF4EA2106F5BB0045B331 /* Debug */,
				FEECF4EB2106F5BB0045B331 /* Release */,
			);
			defaultConfigurationIsVisible = 0;
			defaultConfigurationName = Release;
		};
/* End XCConfigurationList section */
	};
	rootObject = FEECF4CB2106F5B90045B331 /* Project object */;
}
